
Microsoft Visual Studio Solution File, Format Version 12.00
# Visual Studio 2013
VisualStudioVersion = 12.0.21005.1
MinimumVisualStudioVersion = 10.0.40219.1
Project("{8BC9CEB8-8B4A-11D0-8D11-00A0C91BC942}") = "string的学习", "string的学习\string的学习.vcxproj", "{DB420B37-BE99-41D5-A477-B1829450BA88}"
EndProject
Global
	GlobalSection(SolutionConfigurationPlatforms) = preSolution
		Debug|Win32 = Debug|Win32
		Release|Win32 = Release|Win32
	EndGlobalSection
	GlobalSection(ProjectConfigurationPlatforms) = postSolution
		{DB420B37-BE99-41D5-A477-B1829450BA88}.Debug|Win32.ActiveCfg = Debug|Win32
		{DB420B37-BE99-41D5-A477-B1829450BA88}.Debug|Win32.Build.0 = Debug|Win32
		{DB420B37-BE99-41D5-A477-B1829450BA88}.Release|Win32.ActiveCfg = Release|Win32
		{DB420B37-BE99-41D5-A477-B1829450BA88}.Release|Win32.Build.0 = Release|Win32
	EndGlobalSection
	GlobalSection(SolutionProperties) = preSolution
		HideSolutionNode = FALSE
	EndGlobalSection
EndGlobal
